PODS:
  - Capacitor (7.4.3):
    - CapacitorCordova
  - CapacitorCamera (7.0.2):
    - Capacitor
  - CapacitorCommunitySpeechRecognition (7.0.1):
    - Capacitor
  - CapacitorCordova (7.4.3)
  - RevenueCat (5.56.1)

DEPENDENCIES:
  - "Capacitor (from `../../node_modules/@capacitor/ios`)"
  - "CapacitorCamera (from `../../node_modules/@capacitor/camera`)"
  - "CapacitorCommunitySpeechRecognition (from `../../node_modules/@capacitor-community/speech-recognition`)"
  - "CapacitorCordova (from `../../node_modules/@capacitor/ios`)"
  - RevenueCat (~> 5.0)

SPEC REPOS:
  trunk:
    - RevenueCat

EXTERNAL SOURCES:
  Capacitor:
    :path: "../../node_modules/@capacitor/ios"
  CapacitorCamera:
    :path: "../../node_modules/@capacitor/camera"
  CapacitorCommunitySpeechRecognition:
    :path: "../../node_modules/@capacitor-community/speech-recognition"
  CapacitorCordova:
    :path: "../../node_modules/@capacitor/ios"

SPEC CHECKSUMS:
  Capacitor: 28d6c01026a9a3f7156529498ec1f389a2a28dbc
  CapacitorCamera: f9e54db0a18bb218a8dc360907d63aaefe9209ff
  CapacitorCommunitySpeechRecognition: 3e03566c44c2bb3b52391a33d4518b1adbdeb38f
  CapacitorCordova: 435121e81a2df4d0034f0fb11fcefab5104cfdb5
  RevenueCat: 633c9c51182f868cd4244e183b2ce3f8a66f9b55

PODFILE CHECKSUM: 7887e66eae087a46e219b7b650095ab1080a5686

COCOAPODS: 1.16.2
